// !$*UTF8*$!
{
	archiveVersion = 1;
	classes = {
	};
	objectVersion = 55;
	objects = {

/* Begin PBXBuildFile section */
		496C126B2884188A00F16702 /* CategoryModel.swift in Sources */ = {isa = PBXBuildFile; fileRef = 496C126A2884188A00F16702 /* CategoryModel.swift */; };
		496C126D2884197100F16702 /* CategoryItemView.swift in Sources */ = {isa = PBXBuildFile; fileRef = 496C126C2884197100F16702 /* CategoryItemView.swift */; };
		496C126F28841AF200F16702 /* CategoryGridView.swift in Sources */ = {isa = PBXBuildFile; fileRef = 496C126E28841AF200F16702 /* CategoryGridView.swift */; };
		496C127128841C5300F16702 /* SectionView.swift in Sources */ = {isa = PBXBuildFile; fileRef = 496C127028841C5300F16702 /* SectionView.swift */; };
		496C127328843DBD00F16702 /* TitleView.swift in Sources */ = {isa = PBXBuildFile; fileRef = 496C127228843DBD00F16702 /* TitleView.swift */; };
		496C127528843E9800F16702 /* ProductModel.swift in Sources */ = {isa = PBXBuildFile; fileRef = 496C127428843E9800F16702 /* ProductModel.swift */; };
		496C127728843F0500F16702 /* ProductItemView.swift in Sources */ = {isa = PBXBuildFile; fileRef = 496C127628843F0500F16702 /* ProductItemView.swift */; };
		496C12792884420500F16702 /* BrandModel.swift in Sources */ = {isa = PBXBuildFile; fileRef = 496C12782884420500F16702 /* BrandModel.swift */; };
		496C127B2884423900F16702 /* BrandItemView.swift in Sources */ = {isa = PBXBuildFile; fileRef = 496C127A2884423900F16702 /* BrandItemView.swift */; };
		496C127D288442CD00F16702 /* BrandGridView.swift in Sources */ = {isa = PBXBuildFile; fileRef = 496C127C288442CD00F16702 /* BrandGridView.swift */; };
		496C127F2884445700F16702 /* ProductDetailView.swift in Sources */ = {isa = PBXBuildFile; fileRef = 496C127E2884445700F16702 /* ProductDetailView.swift */; };
		496C12812884458F00F16702 /* NavigationBarDetailView.swift in Sources */ = {isa = PBXBuildFile; fileRef = 496C12802884458F00F16702 /* NavigationBarDetailView.swift */; };
		496C12832884467600F16702 /* HeaderDetailView.swift in Sources */ = {isa = PBXBuildFile; fileRef = 496C12822884467600F16702 /* HeaderDetailView.swift */; };
		496C12852884470300F16702 /* TopPartDetailView.swift in Sources */ = {isa = PBXBuildFile; fileRef = 496C12842884470300F16702 /* TopPartDetailView.swift */; };
		49A0CD572883352F005599E1 /* TouchdownApp.swift in Sources */ = {isa = PBXBuildFile; fileRef = 49A0CD562883352F005599E1 /* TouchdownApp.swift */; };
		49A0CD592883352F005599E1 /* ContentView.swift in Sources */ = {isa = PBXBuildFile; fileRef = 49A0CD582883352F005599E1 /* ContentView.swift */; };
		49A0CD5B28833531005599E1 /* Assets.xcassets in Resources */ = {isa = PBXBuildFile; fileRef = 49A0CD5A28833531005599E1 /* Assets.xcassets */; };
		49A0CD5E28833531005599E1 /* Preview Assets.xcassets in Resources */ = {isa = PBXBuildFile; fileRef = 49A0CD5D28833531005599E1 /* Preview Assets.xcassets */; };
		49A0CD68288335C3005599E1 /* category.json in Resources */ = {isa = PBXBuildFile; fileRef = 49A0CD64288335C3005599E1 /* category.json */; };
		49A0CD69288335C3005599E1 /* player.json in Resources */ = {isa = PBXBuildFile; fileRef = 49A0CD65288335C3005599E1 /* player.json */; };
		49A0CD6A288335C3005599E1 /* product.json in Resources */ = {isa = PBXBuildFile; fileRef = 49A0CD66288335C3005599E1 /* product.json */; };
		49A0CD6B288335C3005599E1 /* brand.json in Resources */ = {isa = PBXBuildFile; fileRef = 49A0CD67288335C3005599E1 /* brand.json */; };
		49A0CD7B288337F3005599E1 /* Constants.swift in Sources */ = {isa = PBXBuildFile; fileRef = 49A0CD7A288337F3005599E1 /* Constants.swift */; };
		49A0CD7D288338A0005599E1 /* FooterView.swift in Sources */ = {isa = PBXBuildFile; fileRef = 49A0CD7C288338A0005599E1 /* FooterView.swift */; };
		49F7A4E328840684001DD8D9 /* NavigationBarView.swift in Sources */ = {isa = PBXBuildFile; fileRef = 49F7A4E228840684001DD8D9 /* NavigationBarView.swift */; };
		49F7A4E5288407A1001DD8D9 /* LogoView.swift in Sources */ = {isa = PBXBuildFile; fileRef = 49F7A4E4288407A1001DD8D9 /* LogoView.swift */; };
		49F7A4E728840AA0001DD8D9 /* PlayerModel.swift in Sources */ = {isa = PBXBuildFile; fileRef = 49F7A4E628840A9F001DD8D9 /* PlayerModel.swift */; };
		49F7A4E928840ADB001DD8D9 /* CodableBundle+ext.swift in Sources */ = {isa = PBXBuildFile; fileRef = 49F7A4E828840ADB001DD8D9 /* CodableBundle+ext.swift */; };
		49F7A4EB28840C22001DD8D9 /* FeaturedItemView.swift in Sources */ = {isa = PBXBuildFile; fileRef = 49F7A4EA28840C22001DD8D9 /* FeaturedItemView.swift */; };
		49F7A4ED28840C8E001DD8D9 /* FeaturedTabView.swift in Sources */ = {isa = PBXBuildFile; fileRef = 49F7A4EC28840C8E001DD8D9 /* FeaturedTabView.swift */; };
/* End PBXBuildFile section */

/* Begin PBXFileReference section */
		496C126A2884188A00F16702 /* CategoryModel.swift */ = {isa = PBXFileReference; lastKnownFileType = sourcecode.swift; path = CategoryModel.swift; sourceTree = "<group>"; };
		496C126C2884197100F16702 /* CategoryItemView.swift */ = {isa = PBXFileReference; lastKnownFileType = sourcecode.swift; path = CategoryItemView.swift; sourceTree = "<group>"; };
		496C126E28841AF200F16702 /* CategoryGridView.swift */ = {isa = PBXFileReference; lastKnownFileType = sourcecode.swift; path = CategoryGridView.swift; sourceTree = "<group>"; };
		496C127028841C5300F16702 /* SectionView.swift */ = {isa = PBXFileReference; lastKnownFileType = sourcecode.swift; path = SectionView.swift; sourceTree = "<group>"; };
		496C127228843DBD00F16702 /* TitleView.swift */ = {isa = PBXFileReference; lastKnownFileType = sourcecode.swift; path = TitleView.swift; sourceTree = "<group>"; };
		496C127428843E9800F16702 /* ProductModel.swift */ = {isa = PBXFileReference; lastKnownFileType = sourcecode.swift; path = ProductModel.swift; sourceTree = "<group>"; };
		496C127628843F0500F16702 /* ProductItemView.swift */ = {isa = PBXFileReference; lastKnownFileType = sourcecode.swift; path = ProductItemView.swift; sourceTree = "<group>"; };
		496C12782884420500F16702 /* BrandModel.swift */ = {isa = PBXFileReference; lastKnownFileType = sourcecode.swift; path = BrandModel.swift; sourceTree = "<group>"; };
		496C127A2884423900F16702 /* BrandItemView.swift */ = {isa = PBXFileReference; lastKnownFileType = sourcecode.swift; path = BrandItemView.swift; sourceTree = "<group>"; };
		496C127C288442CD00F16702 /* BrandGridView.swift */ = {isa = PBXFileReference; lastKnownFileType = sourcecode.swift; path = BrandGridView.swift; sourceTree = "<group>"; };
		496C127E2884445700F16702 /* ProductDetailView.swift */ = {isa = PBXFileReference; lastKnownFileType = sourcecode.swift; path = ProductDetailView.swift; sourceTree = "<group>"; };
		496C12802884458F00F16702 /* NavigationBarDetailView.swift */ = {isa = PBXFileReference; lastKnownFileType = sourcecode.swift; path = NavigationBarDetailView.swift; sourceTree = "<group>"; };
		496C12822884467600F16702 /* HeaderDetailView.swift */ = {isa = PBXFileReference; lastKnownFileType = sourcecode.swift; path = HeaderDetailView.swift; sourceTree = "<group>"; };
		496C12842884470300F16702 /* TopPartDetailView.swift */ = {isa = PBXFileReference; lastKnownFileType = sourcecode.swift; path = TopPartDetailView.swift; sourceTree = "<group>"; };
		49A0CD532883352F005599E1 /* Touchdown.app */ = {isa = PBXFileReference; explicitFileType = wrapper.application; includeInIndex = 0; path = Touchdown.app; sourceTree = BUILT_PRODUCTS_DIR; };
		49A0CD562883352F005599E1 /* TouchdownApp.swift */ = {isa = PBXFileReference; lastKnownFileType = sourcecode.swift; path = TouchdownApp.swift; sourceTree = "<group>"; };
		49A0CD582883352F005599E1 /* ContentView.swift */ = {isa = PBXFileReference; lastKnownFileType = sourcecode.swift; path = ContentView.swift; sourceTree = "<group>"; };
		49A0CD5A28833531005599E1 /* Assets.xcassets */ = {isa = PBXFileReference; lastKnownFileType = folder.assetcatalog; path = Assets.xcassets; sourceTree = "<group>"; };
		49A0CD5D28833531005599E1 /* Preview Assets.xcassets */ = {isa = PBXFileReference; lastKnownFileType = folder.assetcatalog; path = "Preview Assets.xcassets"; sourceTree = "<group>"; };
		49A0CD64288335C3005599E1 /* category.json */ = {isa = PBXFileReference; fileEncoding = 4; lastKnownFileType = text.json; path = category.json; sourceTree = "<group>"; };
		49A0CD65288335C3005599E1 /* player.json */ = {isa = PBXFileReference; fileEncoding = 4; lastKnownFileType = text.json; path = player.json; sourceTree = "<group>"; };
		49A0CD66288335C3005599E1 /* product.json */ = {isa = PBXFileReference; fileEncoding = 4; lastKnownFileType = text.json; path = product.json; sourceTree = "<group>"; };
		49A0CD67288335C3005599E1 /* brand.json */ = {isa = PBXFileReference; fileEncoding = 4; lastKnownFileType = text.json; path = brand.json; sourceTree = "<group>"; };
		49A0CD702883361A005599E1 /* Info.plist */ = {isa = PBXFileReference; lastKnownFileType = text.plist; path = Info.plist; sourceTree = "<group>"; };
		49A0CD7A288337F3005599E1 /* Constants.swift */ = {isa = PBXFileReference; lastKnownFileType = sourcecode.swift; path = Constants.swift; sourceTree = "<group>"; };
		49A0CD7C288338A0005599E1 /* FooterView.swift */ = {isa = PBXFileReference; lastKnownFileType = sourcecode.swift; path = FooterView.swift; sourceTree = "<group>"; };
		49F7A4E228840684001DD8D9 /* NavigationBarView.swift */ = {isa = PBXFileReference; lastKnownFileType = sourcecode.swift; path = NavigationBarView.swift; sourceTree = "<group>"; };
		49F7A4E4288407A1001DD8D9 /* LogoView.swift */ = {isa = PBXFileReference; lastKnownFileType = sourcecode.swift; path = LogoView.swift; sourceTree = "<group>"; };
		49F7A4E628840A9F001DD8D9 /* PlayerModel.swift */ = {isa = PBXFileReference; lastKnownFileType = sourcecode.swift; path = PlayerModel.swift; sourceTree = "<group>"; };
		49F7A4E828840ADB001DD8D9 /* CodableBundle+ext.swift */ = {isa = PBXFileReference; lastKnownFileType = sourcecode.swift; path = "CodableBundle+ext.swift"; sourceTree = "<group>"; };
		49F7A4EA28840C22001DD8D9 /* FeaturedItemView.swift */ = {isa = PBXFileReference; lastKnownFileType = sourcecode.swift; path = FeaturedItemView.swift; sourceTree = "<group>"; };
		49F7A4EC28840C8E001DD8D9 /* FeaturedTabView.swift */ = {isa = PBXFileReference; lastKnownFileType = sourcecode.swift; path = FeaturedTabView.swift; sourceTree = "<group>"; };
/* End PBXFileReference section */

/* Begin PBXFrameworksBuildPhase section */
		49A0CD502883352F005599E1 /* Frameworks */ = {
			isa = PBXFrameworksBuildPhase;
			buildActionMask = 2147483647;
			files = (
			);
			runOnlyForDeploymentPostprocessing = 0;
		};
/* End PBXFrameworksBuildPhase section */

/* Begin PBXGroup section */
		49A0CD4A2883352F005599E1 = {
			isa = PBXGroup;
			children = (
				49A0CD552883352F005599E1 /* Touchdown */,
				49A0CD542883352F005599E1 /* Products */,
			);
			sourceTree = "<group>";
		};
		49A0CD542883352F005599E1 /* Products */ = {
			isa = PBXGroup;
			children = (
				49A0CD532883352F005599E1 /* Touchdown.app */,
			);
			name = Products;
			sourceTree = "<group>";
		};
		49A0CD552883352F005599E1 /* Touchdown */ = {
			isa = PBXGroup;
			children = (
				49A0CD702883361A005599E1 /* Info.plist */,
				49A0CD7928833791005599E1 /* Utility */,
				49A0CD7728833780005599E1 /* Extension */,
				49A0CD6E288335D3005599E1 /* Views */,
				49A0CD6D288335CE005599E1 /* Screens */,
				49A0CD6C288335C7005599E1 /* Data */,
				49A0CD6F288335E6005599E1 /* Model */,
				49A0CD7128833673005599E1 /* Resourses */,
				49A0CD5C28833531005599E1 /* Preview Content */,
			);
			path = Touchdown;
			sourceTree = "<group>";
		};
		49A0CD5C28833531005599E1 /* Preview Content */ = {
			isa = PBXGroup;
			children = (
				49A0CD5D28833531005599E1 /* Preview Assets.xcassets */,
			);
			path = "Preview Content";
			sourceTree = "<group>";
		};
		49A0CD6C288335C7005599E1 /* Data */ = {
			isa = PBXGroup;
			children = (
				49A0CD67288335C3005599E1 /* brand.json */,
				49A0CD64288335C3005599E1 /* category.json */,
				49A0CD65288335C3005599E1 /* player.json */,
				49A0CD66288335C3005599E1 /* product.json */,
			);
			path = Data;
			sourceTree = "<group>";
		};
		49A0CD6D288335CE005599E1 /* Screens */ = {
			isa = PBXGroup;
			children = (
				49A0CD562883352F005599E1 /* TouchdownApp.swift */,
				496C127E2884445700F16702 /* ProductDetailView.swift */,
				49A0CD582883352F005599E1 /* ContentView.swift */,
				49A0CD7428833736005599E1 /* Home */,
				49A0CD722883372B005599E1 /* Detail */,
			);
			path = Screens;
			sourceTree = "<group>";
		};
		49A0CD6E288335D3005599E1 /* Views */ = {
			isa = PBXGroup;
			children = (
				49A0CD7628833740005599E1 /* Home */,
				49A0CD752883373B005599E1 /* Detail */,
			);
			path = Views;
			sourceTree = "<group>";
		};
		49A0CD6F288335E6005599E1 /* Model */ = {
			isa = PBXGroup;
			children = (
				49F7A4E628840A9F001DD8D9 /* PlayerModel.swift */,
				496C126A2884188A00F16702 /* CategoryModel.swift */,
				496C127428843E9800F16702 /* ProductModel.swift */,
				496C12782884420500F16702 /* BrandModel.swift */,
			);
			path = Model;
			sourceTree = "<group>";
		};
		49A0CD7128833673005599E1 /* Resourses */ = {
			isa = PBXGroup;
			children = (
				49A0CD5A28833531005599E1 /* Assets.xcassets */,
			);
			path = Resourses;
			sourceTree = "<group>";
		};
		49A0CD722883372B005599E1 /* Detail */ = {
			isa = PBXGroup;
			children = (
			);
			path = Detail;
			sourceTree = "<group>";
		};
		49A0CD7428833736005599E1 /* Home */ = {
			isa = PBXGroup;
			children = (
			);
			path = Home;
			sourceTree = "<group>";
		};
		49A0CD752883373B005599E1 /* Detail */ = {
			isa = PBXGroup;
			children = (
				496C12802884458F00F16702 /* NavigationBarDetailView.swift */,
				496C12842884470300F16702 /* TopPartDetailView.swift */,
				496C12822884467600F16702 /* HeaderDetailView.swift */,
			);
			path = Detail;
			sourceTree = "<group>";
		};
		49A0CD7628833740005599E1 /* Home */ = {
			isa = PBXGroup;
			children = (
				49A0CD7C288338A0005599E1 /* FooterView.swift */,
				496C127C288442CD00F16702 /* BrandGridView.swift */,
				496C127A2884423900F16702 /* BrandItemView.swift */,
				496C127228843DBD00F16702 /* TitleView.swift */,
				49F7A4EA28840C22001DD8D9 /* FeaturedItemView.swift */,
				496C126C2884197100F16702 /* CategoryItemView.swift */,
				49F7A4E228840684001DD8D9 /* NavigationBarView.swift */,
				496C126E28841AF200F16702 /* CategoryGridView.swift */,
				496C127028841C5300F16702 /* SectionView.swift */,
				49F7A4E4288407A1001DD8D9 /* LogoView.swift */,
				49F7A4EC28840C8E001DD8D9 /* FeaturedTabView.swift */,
				496C127628843F0500F16702 /* ProductItemView.swift */,
			);
			path = Home;
			sourceTree = "<group>";
		};
		49A0CD7728833780005599E1 /* Extension */ = {
			isa = PBXGroup;
			children = (
				49F7A4E828840ADB001DD8D9 /* CodableBundle+ext.swift */,
			);
			path = Extension;
			sourceTree = "<group>";
		};
		49A0CD7928833791005599E1 /* Utility */ = {
			isa = PBXGroup;
			children = (
				49A0CD7A288337F3005599E1 /* Constants.swift */,
			);
			path = Utility;
			sourceTree = "<group>";
		};
/* End PBXGroup section */

/* Begin PBXNativeTarget section */
		49A0CD522883352F005599E1 /* Touchdown */ = {
			isa = PBXNativeTarget;
			buildConfigurationList = 49A0CD6128833531005599E1 /* Build configuration list for PBXNativeTarget "Touchdown" */;
			buildPhases = (
				49A0CD4F2883352F005599E1 /* Sources */,
				49A0CD502883352F005599E1 /* Frameworks */,
				49A0CD512883352F005599E1 /* Resources */,
			);
			buildRules = (
			);
			dependencies = (
			);
			name = Touchdown;
			productName = Touchdown;
			productReference = 49A0CD532883352F005599E1 /* Touchdown.app */;
			productType = "com.apple.product-type.application";
		};
/* End PBXNativeTarget section */

/* Begin PBXProject section */
		49A0CD4B2883352F005599E1 /* Project object */ = {
			isa = PBXProject;
			attributes = {
				BuildIndependentTargetsInParallel = 1;
				LastSwiftUpdateCheck = 1340;
				LastUpgradeCheck = 1340;
				TargetAttributes = {
					49A0CD522883352F005599E1 = {
						CreatedOnToolsVersion = 13.4.1;
					};
				};
			};
			buildConfigurationList = 49A0CD4E2883352F005599E1 /* Build configuration list for PBXProject "Touchdown" */;
			compatibilityVersion = "Xcode 13.0";
			developmentRegion = en;
			hasScannedForEncodings = 0;
			knownRegions = (
				en,
				Base,
			);
			mainGroup = 49A0CD4A2883352F005599E1;
			productRefGroup = 49A0CD542883352F005599E1 /* Products */;
			projectDirPath = "";
			projectRoot = "";
			targets = (
				49A0CD522883352F005599E1 /* Touchdown */,
			);
		};
/* End PBXProject section */

/* Begin PBXResourcesBuildPhase section */
		49A0CD512883352F005599E1 /* Resources */ = {
			isa = PBXResourcesBuildPhase;
			buildActionMask = 2147483647;
			files = (
				49A0CD69288335C3005599E1 /* player.json in Resources */,
				49A0CD68288335C3005599E1 /* category.json in Resources */,
				49A0CD5E28833531005599E1 /* Preview Assets.xcassets in Resources */,
				49A0CD5B28833531005599E1 /* Assets.xcassets in Resources */,
				49A0CD6A288335C3005599E1 /* product.json in Resources */,
				49A0CD6B288335C3005599E1 /* brand.json in Resources */,
			);
			runOnlyForDeploymentPostprocessing = 0;
		};
/* End PBXResourcesBuildPhase section */

/* Begin PBXSourcesBuildPhase section */
		49A0CD4F2883352F005599E1 /* Sources */ = {
			isa = PBXSourcesBuildPhase;
			buildActionMask = 2147483647;
			files = (
				49A0CD592883352F005599E1 /* ContentView.swift in Sources */,
				496C12832884467600F16702 /* HeaderDetailView.swift in Sources */,
				496C12852884470300F16702 /* TopPartDetailView.swift in Sources */,
				49F7A4E5288407A1001DD8D9 /* LogoView.swift in Sources */,
				49F7A4E928840ADB001DD8D9 /* CodableBundle+ext.swift in Sources */,
				49A0CD7D288338A0005599E1 /* FooterView.swift in Sources */,
				49F7A4EB28840C22001DD8D9 /* FeaturedItemView.swift in Sources */,
				496C127728843F0500F16702 /* ProductItemView.swift in Sources */,
				496C127D288442CD00F16702 /* BrandGridView.swift in Sources */,
				49A0CD572883352F005599E1 /* TouchdownApp.swift in Sources */,
				496C127F2884445700F16702 /* ProductDetailView.swift in Sources */,
				496C12812884458F00F16702 /* NavigationBarDetailView.swift in Sources */,
				49A0CD7B288337F3005599E1 /* Constants.swift in Sources */,
				496C126F28841AF200F16702 /* CategoryGridView.swift in Sources */,
				496C126B2884188A00F16702 /* CategoryModel.swift in Sources */,
				49F7A4E328840684001DD8D9 /* NavigationBarView.swift in Sources */,
				496C127128841C5300F16702 /* SectionView.swift in Sources */,
				496C127B2884423900F16702 /* BrandItemView.swift in Sources */,
				496C126D2884197100F16702 /* CategoryItemView.swift in Sources */,
				49F7A4ED28840C8E001DD8D9 /* FeaturedTabView.swift in Sources */,
				49F7A4E728840AA0001DD8D9 /* PlayerModel.swift in Sources */,
				496C12792884420500F16702 /* BrandModel.swift in Sources */,
				496C127328843DBD00F16702 /* TitleView.swift in Sources */,
				496C127528843E9800F16702 /* ProductModel.swift in Sources */,
			);
			runOnlyForDeploymentPostprocessing = 0;
		};
/* End PBXSourcesBuildPhase section */

/* Begin XCBuildConfiguration section */
		49A0CD5F28833531005599E1 /* Debug */ = {
			isa = XCBuildConfiguration;
			buildSettings = {
				ALWAYS_SEARCH_USER_PATHS = NO;
				CLANG_ANALYZER_NONNULL = YES;
				CLANG_ANALYZER_NUMBER_OBJECT_CONVERSION = YES_AGGRESSIVE;
				CLANG_CXX_LANGUAGE_STANDARD = "gnu++17";
				CLANG_ENABLE_MODULES = YES;
				CLANG_ENABLE_OBJC_ARC = YES;
				CLANG_ENABLE_OBJC_WEAK = YES;
				CLANG_WARN_BLOCK_CAPTURE_AUTORELEASING = YES;
				CLANG_WARN_BOOL_CONVERSION = YES;
				CLANG_WARN_COMMA = YES;
				CLANG_WARN_CONSTANT_CONVERSION = YES;
				CLANG_WARN_DEPRECATED_OBJC_IMPLEMENTATIONS = YES;
				CLANG_WARN_DIRECT_OBJC_ISA_USAGE = YES_ERROR;
				CLANG_WARN_DOCUMENTATION_COMMENTS = YES;
				CLANG_WARN_EMPTY_BODY = YES;
				CLANG_WARN_ENUM_CONVERSION = YES;
				CLANG_WARN_INFINITE_RECURSION = YES;
				CLANG_WARN_INT_CONVERSION = YES;
				CLANG_WARN_NON_LITERAL_NULL_CONVERSION = YES;
				CLANG_WARN_OBJC_IMPLICIT_RETAIN_SELF = YES;
				CLANG_WARN_OBJC_LITERAL_CONVERSION = YES;
				CLANG_WARN_OBJC_ROOT_CLASS = YES_ERROR;
				CLANG_WARN_QUOTED_INCLUDE_IN_FRAMEWORK_HEADER = YES;
				CLANG_WARN_RANGE_LOOP_ANALYSIS = YES;
				CLANG_WARN_STRICT_PROTOTYPES = YES;
				CLANG_WARN_SUSPICIOUS_MOVE = YES;
				CLANG_WARN_UNGUARDED_AVAILABILITY = YES_AGGRESSIVE;
				CLANG_WARN_UNREACHABLE_CODE = YES;
				CLANG_WARN__DUPLICATE_METHOD_MATCH = YES;
				COPY_PHASE_STRIP = NO;
				DEBUG_INFORMATION_FORMAT = dwarf;
				ENABLE_STRICT_OBJC_MSGSEND = YES;
				ENABLE_TESTABILITY = YES;
				GCC_C_LANGUAGE_STANDARD = gnu11;
				GCC_DYNAMIC_NO_PIC = NO;
				GCC_NO_COMMON_BLOCKS = YES;
				GCC_OPTIMIZATION_LEVEL = 0;
				GCC_PREPROCESSOR_DEFINITIONS = (
					"DEBUG=1",
					"$(inherited)",
				);
				GCC_WARN_64_TO_32_BIT_CONVERSION = YES;
				GCC_WARN_ABOUT_RETURN_TYPE = YES_ERROR;
				GCC_WARN_UNDECLARED_SELECTOR = YES;
				GCC_WARN_UNINITIALIZED_AUTOS = YES_AGGRESSIVE;
				GCC_WARN_UNUSED_FUNCTION = YES;
				GCC_WARN_UNUSED_VARIABLE = YES;
				IPHONEOS_DEPLOYMENT_TARGET = 15.5;
				MTL_ENABLE_DEBUG_INFO = INCLUDE_SOURCE;
				MTL_FAST_MATH = YES;
				ONLY_ACTIVE_ARCH = YES;
				SDKROOT = iphoneos;
				SWIFT_ACTIVE_COMPILATION_CONDITIONS = DEBUG;
				SWIFT_OPTIMIZATION_LEVEL = "-Onone";
			};
			name = Debug;
		};
		49A0CD6028833531005599E1 /* Release */ = {
			isa = XCBuildConfiguration;
			buildSettings = {
				ALWAYS_SEARCH_USER_PATHS = NO;
				CLANG_ANALYZER_NONNULL = YES;
				CLANG_ANALYZER_NUMBER_OBJECT_CONVERSION = YES_AGGRESSIVE;
				CLANG_CXX_LANGUAGE_STANDARD = "gnu++17";
				CLANG_ENABLE_MODULES = YES;
				CLANG_ENABLE_OBJC_ARC = YES;
				CLANG_ENABLE_OBJC_WEAK = YES;
				CLANG_WARN_BLOCK_CAPTURE_AUTORELEASING = YES;
				CLANG_WARN_BOOL_CONVERSION = YES;
				CLANG_WARN_COMMA = YES;
				CLANG_WARN_CONSTANT_CONVERSION = YES;
				CLANG_WARN_DEPRECATED_OBJC_IMPLEMENTATIONS = YES;
				CLANG_WARN_DIRECT_OBJC_ISA_USAGE = YES_ERROR;
				CLANG_WARN_DOCUMENTATION_COMMENTS = YES;
				CLANG_WARN_EMPTY_BODY = YES;
				CLANG_WARN_ENUM_CONVERSION = YES;
				CLANG_WARN_INFINITE_RECURSION = YES;
				CLANG_WARN_INT_CONVERSION = YES;
				CLANG_WARN_NON_LITERAL_NULL_CONVERSION = YES;
				CLANG_WARN_OBJC_IMPLICIT_RETAIN_SELF = YES;
				CLANG_WARN_OBJC_LITERAL_CONVERSION = YES;
				CLANG_WARN_OBJC_ROOT_CLASS = YES_ERROR;
				CLANG_WARN_QUOTED_INCLUDE_IN_FRAMEWORK_HEADER = YES;
				CLANG_WARN_RANGE_LOOP_ANALYSIS = YES;
				CLANG_WARN_STRICT_PROTOTYPES = YES;
				CLANG_WARN_SUSPICIOUS_MOVE = YES;
				CLANG_WARN_UNGUARDED_AVAILABILITY = YES_AGGRESSIVE;
				CLANG_WARN_UNREACHABLE_CODE = YES;
				CLANG_WARN__DUPLICATE_METHOD_MATCH = YES;
				COPY_PHASE_STRIP = NO;
				DEBUG_INFORMATION_FORMAT = "dwarf-with-dsym";
				ENABLE_NS_ASSERTIONS = NO;
				ENABLE_STRICT_OBJC_MSGSEND = YES;
				GCC_C_LANGUAGE_STANDARD = gnu11;
				GCC_NO_COMMON_BLOCKS = YES;
				GCC_WARN_64_TO_32_BIT_CONVERSION = YES;
				GCC_WARN_ABOUT_RETURN_TYPE = YES_ERROR;
				GCC_WARN_UNDECLARED_SELECTOR = YES;
				GCC_WARN_UNINITIALIZED_AUTOS = YES_AGGRESSIVE;
				GCC_WARN_UNUSED_FUNCTION = YES;
				GCC_WARN_UNUSED_VARIABLE = YES;
				IPHONEOS_DEPLOYMENT_TARGET = 15.5;
				MTL_ENABLE_DEBUG_INFO = NO;
				MTL_FAST_MATH = YES;
				SDKROOT = iphoneos;
				SWIFT_COMPILATION_MODE = wholemodule;
				SWIFT_OPTIMIZATION_LEVEL = "-O";
				VALIDATE_PRODUCT = YES;
			};
			name = Release;
		};
		49A0CD6228833531005599E1 /* Debug */ = {
			isa = XCBuildConfiguration;
			buildSettings = {
				ASSETCATALOG_COMPILER_APPICON_NAME = AppIcon;
				ASSETCATALOG_COMPILER_GLOBAL_ACCENT_COLOR_NAME = AccentColor;
				CODE_SIGN_STYLE = Automatic;
				CURRENT_PROJECT_VERSION = 1;
				DEVELOPMENT_ASSET_PATHS = "\"Touchdown/Preview Content\"";
				ENABLE_PREVIEWS = YES;
				GENERATE_INFOPLIST_FILE = YES;
				INFOPLIST_FILE = Touchdown/Info.plist;
				INFOPLIST_KEY_UIApplicationSceneManifest_Generation = YES;
				INFOPLIST_KEY_UIApplicationSupportsIndirectInputEvents = YES;
				INFOPLIST_KEY_UISupportedInterfaceOrientations_iPad = "UIInterfaceOrientationPortrait UIInterfaceOrientationPortraitUpsideDown UIInterfaceOrientationLandscapeLeft UIInterfaceOrientationLandscapeRight";
				INFOPLIST_KEY_UISupportedInterfaceOrientations_iPhone = UIInterfaceOrientationPortrait;
				INFOPLIST_KEY_UIUserInterfaceStyle = Light;
				IPHONEOS_DEPLOYMENT_TARGET = 14.0;
				LD_RUNPATH_SEARCH_PATHS = (
					"$(inherited)",
					"@executable_path/Frameworks",
				);
				MARKETING_VERSION = 1.0;
				PRODUCT_BUNDLE_IDENTIFIER = com.KirillSytkov.swiftui.Touchdown;
				PRODUCT_NAME = "$(TARGET_NAME)";
				SWIFT_EMIT_LOC_STRINGS = YES;
				SWIFT_VERSION = 5.0;
				TARGETED_DEVICE_FAMILY = "1,2";
			};
			name = Debug;
		};
		49A0CD6328833531005599E1 /* Release */ = {
			isa = XCBuildConfiguration;
			buildSettings = {
				ASSETCATALOG_COMPILER_APPICON_NAME = AppIcon;
				ASSETCATALOG_COMPILER_GLOBAL_ACCENT_COLOR_NAME = AccentColor;
				CODE_SIGN_STYLE = Automatic;
				CURRENT_PROJECT_VERSION = 1;
				DEVELOPMENT_ASSET_PATHS = "\"Touchdown/Preview Content\"";
				ENABLE_PREVIEWS = YES;
				GENERATE_INFOPLIST_FILE = YES;
				INFOPLIST_FILE = Touchdown/Info.plist;
				INFOPLIST_KEY_UIApplicationSceneManifest_Generation = YES;
				INFOPLIST_KEY_UIApplicationSupportsIndirectInputEvents = YES;
				INFOPLIST_KEY_UISupportedInterfaceOrientations_iPad = "UIInterfaceOrientationPortrait UIInterfaceOrientationPortraitUpsideDown UIInterfaceOrientationLandscapeLeft UIInterfaceOrientationLandscapeRight";
				INFOPLIST_KEY_UISupportedInterfaceOrientations_iPhone = UIInterfaceOrientationPortrait;
				INFOPLIST_KEY_UIUserInterfaceStyle = Light;
				IPHONEOS_DEPLOYMENT_TARGET = 14.0;
				LD_RUNPATH_SEARCH_PATHS = (
					"$(inherited)",
					"@executable_path/Frameworks",
				);
				MARKETING_VERSION = 1.0;
				PRODUCT_BUNDLE_IDENTIFIER = com.KirillSytkov.swiftui.Touchdown;
				PRODUCT_NAME = "$(TARGET_NAME)";
				SWIFT_EMIT_LOC_STRINGS = YES;
				SWIFT_VERSION = 5.0;
				TARGETED_DEVICE_FAMILY = "1,2";
			};
			name = Release;
		};
/* End XCBuildConfiguration section */

/* Begin XCConfigurationList section */
		49A0CD4E2883352F005599E1 /* Build configuration list for PBXProject "Touchdown" */ = {
			isa = XCConfigurationList;
			buildConfigurations = (
				49A0CD5F28833531005599E1 /* Debug */,
				49A0CD6028833531005599E1 /* Release */,
			);
			defaultConfigurationIsVisible = 0;
			defaultConfigurationName = Release;
		};
		49A0CD6128833531005599E1 /* Build configuration list for PBXNativeTarget "Touchdown" */ = {
			isa = XCConfigurationList;
			buildConfigurations = (
				49A0CD6228833531005599E1 /* Debug */,
				49A0CD6328833531005599E1 /* Release */,
			);
			defaultConfigurationIsVisible = 0;
			defaultConfigurationName = Release;
		};
/* End XCConfigurationList section */
	};
	rootObject = 49A0CD4B2883352F005599E1 /* Project object */;
}
