// !$*UTF8*$!
{
	archiveVersion = 1;
	classes = {
	};
	objectVersion = 55;
	objects = {

/* Begin PBXBuildFile section */
		49689E8428747B9C0006BB2B /* AfricaApp.swift in Sources */ = {isa = PBXBuildFile; fileRef = 49689E8328747B9C0006BB2B /* AfricaApp.swift */; };
		49689E8628747B9C0006BB2B /* ContentView.swift in Sources */ = {isa = PBXBuildFile; fileRef = 49689E8528747B9C0006BB2B /* ContentView.swift */; };
		49689E8828747B9D0006BB2B /* Assets.xcassets in Resources */ = {isa = PBXBuildFile; fileRef = 49689E8728747B9D0006BB2B /* Assets.xcassets */; };
		49689E8B28747B9D0006BB2B /* Preview Assets.xcassets in Resources */ = {isa = PBXBuildFile; fileRef = 49689E8A28747B9D0006BB2B /* Preview Assets.xcassets */; };
		49689E9C28747CC10006BB2B /* giraffe.mp4 in Resources */ = {isa = PBXBuildFile; fileRef = 49689E9228747CBF0006BB2B /* giraffe.mp4 */; };
		49689E9D28747CC10006BB2B /* lioness.mp4 in Resources */ = {isa = PBXBuildFile; fileRef = 49689E9328747CC00006BB2B /* lioness.mp4 */; };
		49689E9E28747CC10006BB2B /* zebra.mp4 in Resources */ = {isa = PBXBuildFile; fileRef = 49689E9428747CC00006BB2B /* zebra.mp4 */; };
		49689E9F28747CC10006BB2B /* rhino.mp4 in Resources */ = {isa = PBXBuildFile; fileRef = 49689E9528747CC00006BB2B /* rhino.mp4 */; };
		49689EA028747CC10006BB2B /* cheetah.mp4 in Resources */ = {isa = PBXBuildFile; fileRef = 49689E9628747CC00006BB2B /* cheetah.mp4 */; };
		49689EA128747CC10006BB2B /* lion.mp4 in Resources */ = {isa = PBXBuildFile; fileRef = 49689E9728747CC00006BB2B /* lion.mp4 */; };
		49689EA228747CC10006BB2B /* gorilla.mp4 in Resources */ = {isa = PBXBuildFile; fileRef = 49689E9828747CC10006BB2B /* gorilla.mp4 */; };
		49689EA328747CC10006BB2B /* elephant.mp4 in Resources */ = {isa = PBXBuildFile; fileRef = 49689E9928747CC10006BB2B /* elephant.mp4 */; };
		49689EA428747CC10006BB2B /* hippo.mp4 in Resources */ = {isa = PBXBuildFile; fileRef = 49689E9A28747CC10006BB2B /* hippo.mp4 */; };
		49689EA528747CC10006BB2B /* ostrich.mp4 in Resources */ = {isa = PBXBuildFile; fileRef = 49689E9B28747CC10006BB2B /* ostrich.mp4 */; };
		49689EAB28747D620006BB2B /* videos.json in Resources */ = {isa = PBXBuildFile; fileRef = 49689EA728747D610006BB2B /* videos.json */; };
		49689EAC28747D620006BB2B /* locations.json in Resources */ = {isa = PBXBuildFile; fileRef = 49689EA828747D610006BB2B /* locations.json */; };
		49689EAD28747D620006BB2B /* animals.json in Resources */ = {isa = PBXBuildFile; fileRef = 49689EA928747D620006BB2B /* animals.json */; };
		49689EAE28747D620006BB2B /* covers.json in Resources */ = {isa = PBXBuildFile; fileRef = 49689EAA28747D620006BB2B /* covers.json */; };
		49689EB328747F100006BB2B /* VideoListView.swift in Sources */ = {isa = PBXBuildFile; fileRef = 49689EB228747F100006BB2B /* VideoListView.swift */; };
		49689EB728747F210006BB2B /* MapView.swift in Sources */ = {isa = PBXBuildFile; fileRef = 49689EB628747F210006BB2B /* MapView.swift */; };
		49689EB928747F270006BB2B /* GalleryVIew.swift in Sources */ = {isa = PBXBuildFile; fileRef = 49689EB828747F270006BB2B /* GalleryVIew.swift */; };
		49689EBB28747F300006BB2B /* MainView.swift in Sources */ = {isa = PBXBuildFile; fileRef = 49689EBA28747F300006BB2B /* MainView.swift */; };
		49689EC22874826F0006BB2B /* CoverImageView.swift in Sources */ = {isa = PBXBuildFile; fileRef = 49689EC12874826F0006BB2B /* CoverImageView.swift */; };
		49689EC6287485D90006BB2B /* CoverImageModel.swift in Sources */ = {isa = PBXBuildFile; fileRef = 49689EC5287485D90006BB2B /* CoverImageModel.swift */; };
		49689EC92874865F0006BB2B /* CodableBundle+extension.swift in Sources */ = {isa = PBXBuildFile; fileRef = 49689EC82874865F0006BB2B /* CodableBundle+extension.swift */; };
/* End PBXBuildFile section */

/* Begin PBXFileReference section */
		49689E8028747B9C0006BB2B /* Africa.app */ = {isa = PBXFileReference; explicitFileType = wrapper.application; includeInIndex = 0; path = Africa.app; sourceTree = BUILT_PRODUCTS_DIR; };
		49689E8328747B9C0006BB2B /* AfricaApp.swift */ = {isa = PBXFileReference; lastKnownFileType = sourcecode.swift; path = AfricaApp.swift; sourceTree = "<group>"; };
		49689E8528747B9C0006BB2B /* ContentView.swift */ = {isa = PBXFileReference; lastKnownFileType = sourcecode.swift; path = ContentView.swift; sourceTree = "<group>"; };
		49689E8728747B9D0006BB2B /* Assets.xcassets */ = {isa = PBXFileReference; lastKnownFileType = folder.assetcatalog; path = Assets.xcassets; sourceTree = "<group>"; };
		49689E8A28747B9D0006BB2B /* Preview Assets.xcassets */ = {isa = PBXFileReference; lastKnownFileType = folder.assetcatalog; path = "Preview Assets.xcassets"; sourceTree = "<group>"; };
		49689E9228747CBF0006BB2B /* giraffe.mp4 */ = {isa = PBXFileReference; lastKnownFileType = file; path = giraffe.mp4; sourceTree = "<group>"; };
		49689E9328747CC00006BB2B /* lioness.mp4 */ = {isa = PBXFileReference; lastKnownFileType = file; path = lioness.mp4; sourceTree = "<group>"; };
		49689E9428747CC00006BB2B /* zebra.mp4 */ = {isa = PBXFileReference; lastKnownFileType = file; path = zebra.mp4; sourceTree = "<group>"; };
		49689E9528747CC00006BB2B /* rhino.mp4 */ = {isa = PBXFileReference; lastKnownFileType = file; path = rhino.mp4; sourceTree = "<group>"; };
		49689E9628747CC00006BB2B /* cheetah.mp4 */ = {isa = PBXFileReference; lastKnownFileType = file; path = cheetah.mp4; sourceTree = "<group>"; };
		49689E9728747CC00006BB2B /* lion.mp4 */ = {isa = PBXFileReference; lastKnownFileType = file; path = lion.mp4; sourceTree = "<group>"; };
		49689E9828747CC10006BB2B /* gorilla.mp4 */ = {isa = PBXFileReference; lastKnownFileType = file; path = gorilla.mp4; sourceTree = "<group>"; };
		49689E9928747CC10006BB2B /* elephant.mp4 */ = {isa = PBXFileReference; lastKnownFileType = file; path = elephant.mp4; sourceTree = "<group>"; };
		49689E9A28747CC10006BB2B /* hippo.mp4 */ = {isa = PBXFileReference; lastKnownFileType = file; path = hippo.mp4; sourceTree = "<group>"; };
		49689E9B28747CC10006BB2B /* ostrich.mp4 */ = {isa = PBXFileReference; lastKnownFileType = file; path = ostrich.mp4; sourceTree = "<group>"; };
		49689EA728747D610006BB2B /* videos.json */ = {isa = PBXFileReference; fileEncoding = 4; lastKnownFileType = text.json; path = videos.json; sourceTree = "<group>"; };
		49689EA828747D610006BB2B /* locations.json */ = {isa = PBXFileReference; fileEncoding = 4; lastKnownFileType = text.json; path = locations.json; sourceTree = "<group>"; };
		49689EA928747D620006BB2B /* animals.json */ = {isa = PBXFileReference; fileEncoding = 4; lastKnownFileType = text.json; path = animals.json; sourceTree = "<group>"; };
		49689EAA28747D620006BB2B /* covers.json */ = {isa = PBXFileReference; fileEncoding = 4; lastKnownFileType = text.json; path = covers.json; sourceTree = "<group>"; };
		49689EAF28747E370006BB2B /* Info.plist */ = {isa = PBXFileReference; lastKnownFileType = text.plist; path = Info.plist; sourceTree = "<group>"; };
		49689EB228747F100006BB2B /* VideoListView.swift */ = {isa = PBXFileReference; lastKnownFileType = sourcecode.swift; path = VideoListView.swift; sourceTree = "<group>"; };
		49689EB628747F210006BB2B /* MapView.swift */ = {isa = PBXFileReference; lastKnownFileType = sourcecode.swift; path = MapView.swift; sourceTree = "<group>"; };
		49689EB828747F270006BB2B /* GalleryVIew.swift */ = {isa = PBXFileReference; lastKnownFileType = sourcecode.swift; path = GalleryVIew.swift; sourceTree = "<group>"; };
		49689EBA28747F300006BB2B /* MainView.swift */ = {isa = PBXFileReference; lastKnownFileType = sourcecode.swift; path = MainView.swift; sourceTree = "<group>"; };
		49689EC12874826F0006BB2B /* CoverImageView.swift */ = {isa = PBXFileReference; lastKnownFileType = sourcecode.swift; path = CoverImageView.swift; sourceTree = "<group>"; };
		49689EC5287485D90006BB2B /* CoverImageModel.swift */ = {isa = PBXFileReference; lastKnownFileType = sourcecode.swift; path = CoverImageModel.swift; sourceTree = "<group>"; };
		49689EC82874865F0006BB2B /* CodableBundle+extension.swift */ = {isa = PBXFileReference; lastKnownFileType = sourcecode.swift; path = "CodableBundle+extension.swift"; sourceTree = "<group>"; };
/* End PBXFileReference section */

/* Begin PBXFrameworksBuildPhase section */
		49689E7D28747B9C0006BB2B /* Frameworks */ = {
			isa = PBXFrameworksBuildPhase;
			buildActionMask = 2147483647;
			files = (
			);
			runOnlyForDeploymentPostprocessing = 0;
		};
/* End PBXFrameworksBuildPhase section */

/* Begin PBXGroup section */
		49689E7728747B9C0006BB2B = {
			isa = PBXGroup;
			children = (
				49689E8228747B9C0006BB2B /* Africa */,
				49689E8128747B9C0006BB2B /* Products */,
			);
			sourceTree = "<group>";
		};
		49689E8128747B9C0006BB2B /* Products */ = {
			isa = PBXGroup;
			children = (
				49689E8028747B9C0006BB2B /* Africa.app */,
			);
			name = Products;
			sourceTree = "<group>";
		};
		49689E8228747B9C0006BB2B /* Africa */ = {
			isa = PBXGroup;
			children = (
				49689EC72874864E0006BB2B /* Extension */,
				49689EAF28747E370006BB2B /* Info.plist */,
				49689EB028747EE20006BB2B /* Screens */,
				49689EB128747EF10006BB2B /* Views */,
				49689EC4287485C70006BB2B /* Model */,
				49689EA628747D050006BB2B /* Data */,
				49689E9128747CA90006BB2B /* Video */,
				49689EBF287481EC0006BB2B /* Resources */,
				49689E8928747B9D0006BB2B /* Preview Content */,
			);
			path = Africa;
			sourceTree = "<group>";
		};
		49689E8928747B9D0006BB2B /* Preview Content */ = {
			isa = PBXGroup;
			children = (
				49689E8A28747B9D0006BB2B /* Preview Assets.xcassets */,
			);
			path = "Preview Content";
			sourceTree = "<group>";
		};
		49689E9128747CA90006BB2B /* Video */ = {
			isa = PBXGroup;
			children = (
				49689E9628747CC00006BB2B /* cheetah.mp4 */,
				49689E9928747CC10006BB2B /* elephant.mp4 */,
				49689E9228747CBF0006BB2B /* giraffe.mp4 */,
				49689E9828747CC10006BB2B /* gorilla.mp4 */,
				49689E9A28747CC10006BB2B /* hippo.mp4 */,
				49689E9728747CC00006BB2B /* lion.mp4 */,
				49689E9328747CC00006BB2B /* lioness.mp4 */,
				49689E9B28747CC10006BB2B /* ostrich.mp4 */,
				49689E9528747CC00006BB2B /* rhino.mp4 */,
				49689E9428747CC00006BB2B /* zebra.mp4 */,
			);
			path = Video;
			sourceTree = "<group>";
		};
		49689EA628747D050006BB2B /* Data */ = {
			isa = PBXGroup;
			children = (
				49689EC3287485910006BB2B /* JSON */,
			);
			path = Data;
			sourceTree = "<group>";
		};
		49689EB028747EE20006BB2B /* Screens */ = {
			isa = PBXGroup;
			children = (
				49689EBE287481C90006BB2B /* App */,
				49689EBC287481B60006BB2B /* TabView */,
				49689E8528747B9C0006BB2B /* ContentView.swift */,
				49689EB228747F100006BB2B /* VideoListView.swift */,
				49689EB628747F210006BB2B /* MapView.swift */,
				49689EB828747F270006BB2B /* GalleryVIew.swift */,
			);
			path = Screens;
			sourceTree = "<group>";
		};
		49689EB128747EF10006BB2B /* Views */ = {
			isa = PBXGroup;
			children = (
				49689EC12874826F0006BB2B /* CoverImageView.swift */,
			);
			path = Views;
			sourceTree = "<group>";
		};
		49689EBC287481B60006BB2B /* TabView */ = {
			isa = PBXGroup;
			children = (
				49689EBA28747F300006BB2B /* MainView.swift */,
			);
			path = TabView;
			sourceTree = "<group>";
		};
		49689EBE287481C90006BB2B /* App */ = {
			isa = PBXGroup;
			children = (
				49689E8328747B9C0006BB2B /* AfricaApp.swift */,
			);
			path = App;
			sourceTree = "<group>";
		};
		49689EBF287481EC0006BB2B /* Resources */ = {
			isa = PBXGroup;
			children = (
				49689E8728747B9D0006BB2B /* Assets.xcassets */,
			);
			path = Resources;
			sourceTree = "<group>";
		};
		49689EC3287485910006BB2B /* JSON */ = {
			isa = PBXGroup;
			children = (
				49689EA928747D620006BB2B /* animals.json */,
				49689EAA28747D620006BB2B /* covers.json */,
				49689EA828747D610006BB2B /* locations.json */,
				49689EA728747D610006BB2B /* videos.json */,
			);
			path = JSON;
			sourceTree = "<group>";
		};
		49689EC4287485C70006BB2B /* Model */ = {
			isa = PBXGroup;
			children = (
				49689EC5287485D90006BB2B /* CoverImageModel.swift */,
			);
			path = Model;
			sourceTree = "<group>";
		};
		49689EC72874864E0006BB2B /* Extension */ = {
			isa = PBXGroup;
			children = (
				49689EC82874865F0006BB2B /* CodableBundle+extension.swift */,
			);
			path = Extension;
			sourceTree = "<group>";
		};
/* End PBXGroup section */

/* Begin PBXNativeTarget section */
		49689E7F28747B9C0006BB2B /* Africa */ = {
			isa = PBXNativeTarget;
			buildConfigurationList = 49689E8E28747B9D0006BB2B /* Build configuration list for PBXNativeTarget "Africa" */;
			buildPhases = (
				49689E7C28747B9C0006BB2B /* Sources */,
				49689E7D28747B9C0006BB2B /* Frameworks */,
				49689E7E28747B9C0006BB2B /* Resources */,
			);
			buildRules = (
			);
			dependencies = (
			);
			name = Africa;
			productName = Africa;
			productReference = 49689E8028747B9C0006BB2B /* Africa.app */;
			productType = "com.apple.product-type.application";
		};
/* End PBXNativeTarget section */

/* Begin PBXProject section */
		49689E7828747B9C0006BB2B /* Project object */ = {
			isa = PBXProject;
			attributes = {
				BuildIndependentTargetsInParallel = 1;
				LastSwiftUpdateCheck = 1340;
				LastUpgradeCheck = 1340;
				TargetAttributes = {
					49689E7F28747B9C0006BB2B = {
						CreatedOnToolsVersion = 13.4.1;
					};
				};
			};
			buildConfigurationList = 49689E7B28747B9C0006BB2B /* Build configuration list for PBXProject "Africa" */;
			compatibilityVersion = "Xcode 13.0";
			developmentRegion = en;
			hasScannedForEncodings = 0;
			knownRegions = (
				en,
				Base,
			);
			mainGroup = 49689E7728747B9C0006BB2B;
			productRefGroup = 49689E8128747B9C0006BB2B /* Products */;
			projectDirPath = "";
			projectRoot = "";
			targets = (
				49689E7F28747B9C0006BB2B /* Africa */,
			);
		};
/* End PBXProject section */

/* Begin PBXResourcesBuildPhase section */
		49689E7E28747B9C0006BB2B /* Resources */ = {
			isa = PBXResourcesBuildPhase;
			buildActionMask = 2147483647;
			files = (
				49689EAD28747D620006BB2B /* animals.json in Resources */,
				49689EAC28747D620006BB2B /* locations.json in Resources */,
				49689E9F28747CC10006BB2B /* rhino.mp4 in Resources */,
				49689EA428747CC10006BB2B /* hippo.mp4 in Resources */,
				49689EA228747CC10006BB2B /* gorilla.mp4 in Resources */,
				49689EAE28747D620006BB2B /* covers.json in Resources */,
				49689EA128747CC10006BB2B /* lion.mp4 in Resources */,
				49689EAB28747D620006BB2B /* videos.json in Resources */,
				49689E8B28747B9D0006BB2B /* Preview Assets.xcassets in Resources */,
				49689E9E28747CC10006BB2B /* zebra.mp4 in Resources */,
				49689EA528747CC10006BB2B /* ostrich.mp4 in Resources */,
				49689E8828747B9D0006BB2B /* Assets.xcassets in Resources */,
				49689E9C28747CC10006BB2B /* giraffe.mp4 in Resources */,
				49689E9D28747CC10006BB2B /* lioness.mp4 in Resources */,
				49689EA328747CC10006BB2B /* elephant.mp4 in Resources */,
				49689EA028747CC10006BB2B /* cheetah.mp4 in Resources */,
			);
			runOnlyForDeploymentPostprocessing = 0;
		};
/* End PBXResourcesBuildPhase section */

/* Begin PBXSourcesBuildPhase section */
		49689E7C28747B9C0006BB2B /* Sources */ = {
			isa = PBXSourcesBuildPhase;
			buildActionMask = 2147483647;
			files = (
				49689E8628747B9C0006BB2B /* ContentView.swift in Sources */,
				49689EBB28747F300006BB2B /* MainView.swift in Sources */,
				49689EC22874826F0006BB2B /* CoverImageView.swift in Sources */,
				49689EC92874865F0006BB2B /* CodableBundle+extension.swift in Sources */,
				49689EC6287485D90006BB2B /* CoverImageModel.swift in Sources */,
				49689EB728747F210006BB2B /* MapView.swift in Sources */,
				49689EB928747F270006BB2B /* GalleryVIew.swift in Sources */,
				49689E8428747B9C0006BB2B /* AfricaApp.swift in Sources */,
				49689EB328747F100006BB2B /* VideoListView.swift in Sources */,
			);
			runOnlyForDeploymentPostprocessing = 0;
		};
/* End PBXSourcesBuildPhase section */

/* Begin XCBuildConfiguration section */
		49689E8C28747B9D0006BB2B /* Debug */ = {
			isa = XCBuildConfiguration;
			buildSettings = {
				ALWAYS_SEARCH_USER_PATHS = NO;
				CLANG_ANALYZER_NONNULL = YES;
				CLANG_ANALYZER_NUMBER_OBJECT_CONVERSION = YES_AGGRESSIVE;
				CLANG_CXX_LANGUAGE_STANDARD = "gnu++17";
				CLANG_ENABLE_MODULES = YES;
				CLANG_ENABLE_OBJC_ARC = YES;
				CLANG_ENABLE_OBJC_WEAK = YES;
				CLANG_WARN_BLOCK_CAPTURE_AUTORELEASING = YES;
				CLANG_WARN_BOOL_CONVERSION = YES;
				CLANG_WARN_COMMA = YES;
				CLANG_WARN_CONSTANT_CONVERSION = YES;
				CLANG_WARN_DEPRECATED_OBJC_IMPLEMENTATIONS = YES;
				CLANG_WARN_DIRECT_OBJC_ISA_USAGE = YES_ERROR;
				CLANG_WARN_DOCUMENTATION_COMMENTS = YES;
				CLANG_WARN_EMPTY_BODY = YES;
				CLANG_WARN_ENUM_CONVERSION = YES;
				CLANG_WARN_INFINITE_RECURSION = YES;
				CLANG_WARN_INT_CONVERSION = YES;
				CLANG_WARN_NON_LITERAL_NULL_CONVERSION = YES;
				CLANG_WARN_OBJC_IMPLICIT_RETAIN_SELF = YES;
				CLANG_WARN_OBJC_LITERAL_CONVERSION = YES;
				CLANG_WARN_OBJC_ROOT_CLASS = YES_ERROR;
				CLANG_WARN_QUOTED_INCLUDE_IN_FRAMEWORK_HEADER = YES;
				CLANG_WARN_RANGE_LOOP_ANALYSIS = YES;
				CLANG_WARN_STRICT_PROTOTYPES = YES;
				CLANG_WARN_SUSPICIOUS_MOVE = YES;
				CLANG_WARN_UNGUARDED_AVAILABILITY = YES_AGGRESSIVE;
				CLANG_WARN_UNREACHABLE_CODE = YES;
				CLANG_WARN__DUPLICATE_METHOD_MATCH = YES;
				COPY_PHASE_STRIP = NO;
				DEBUG_INFORMATION_FORMAT = dwarf;
				ENABLE_STRICT_OBJC_MSGSEND = YES;
				ENABLE_TESTABILITY = YES;
				GCC_C_LANGUAGE_STANDARD = gnu11;
				GCC_DYNAMIC_NO_PIC = NO;
				GCC_NO_COMMON_BLOCKS = YES;
				GCC_OPTIMIZATION_LEVEL = 0;
				GCC_PREPROCESSOR_DEFINITIONS = (
					"DEBUG=1",
					"$(inherited)",
				);
				GCC_WARN_64_TO_32_BIT_CONVERSION = YES;
				GCC_WARN_ABOUT_RETURN_TYPE = YES_ERROR;
				GCC_WARN_UNDECLARED_SELECTOR = YES;
				GCC_WARN_UNINITIALIZED_AUTOS = YES_AGGRESSIVE;
				GCC_WARN_UNUSED_FUNCTION = YES;
				GCC_WARN_UNUSED_VARIABLE = YES;
				IPHONEOS_DEPLOYMENT_TARGET = 15.5;
				MTL_ENABLE_DEBUG_INFO = INCLUDE_SOURCE;
				MTL_FAST_MATH = YES;
				ONLY_ACTIVE_ARCH = YES;
				SDKROOT = iphoneos;
				SWIFT_ACTIVE_COMPILATION_CONDITIONS = DEBUG;
				SWIFT_OPTIMIZATION_LEVEL = "-Onone";
			};
			name = Debug;
		};
		49689E8D28747B9D0006BB2B /* Release */ = {
			isa = XCBuildConfiguration;
			buildSettings = {
				ALWAYS_SEARCH_USER_PATHS = NO;
				CLANG_ANALYZER_NONNULL = YES;
				CLANG_ANALYZER_NUMBER_OBJECT_CONVERSION = YES_AGGRESSIVE;
				CLANG_CXX_LANGUAGE_STANDARD = "gnu++17";
				CLANG_ENABLE_MODULES = YES;
				CLANG_ENABLE_OBJC_ARC = YES;
				CLANG_ENABLE_OBJC_WEAK = YES;
				CLANG_WARN_BLOCK_CAPTURE_AUTORELEASING = YES;
				CLANG_WARN_BOOL_CONVERSION = YES;
				CLANG_WARN_COMMA = YES;
				CLANG_WARN_CONSTANT_CONVERSION = YES;
				CLANG_WARN_DEPRECATED_OBJC_IMPLEMENTATIONS = YES;
				CLANG_WARN_DIRECT_OBJC_ISA_USAGE = YES_ERROR;
				CLANG_WARN_DOCUMENTATION_COMMENTS = YES;
				CLANG_WARN_EMPTY_BODY = YES;
				CLANG_WARN_ENUM_CONVERSION = YES;
				CLANG_WARN_INFINITE_RECURSION = YES;
				CLANG_WARN_INT_CONVERSION = YES;
				CLANG_WARN_NON_LITERAL_NULL_CONVERSION = YES;
				CLANG_WARN_OBJC_IMPLICIT_RETAIN_SELF = YES;
				CLANG_WARN_OBJC_LITERAL_CONVERSION = YES;
				CLANG_WARN_OBJC_ROOT_CLASS = YES_ERROR;
				CLANG_WARN_QUOTED_INCLUDE_IN_FRAMEWORK_HEADER = YES;
				CLANG_WARN_RANGE_LOOP_ANALYSIS = YES;
				CLANG_WARN_STRICT_PROTOTYPES = YES;
				CLANG_WARN_SUSPICIOUS_MOVE = YES;
				CLANG_WARN_UNGUARDED_AVAILABILITY = YES_AGGRESSIVE;
				CLANG_WARN_UNREACHABLE_CODE = YES;
				CLANG_WARN__DUPLICATE_METHOD_MATCH = YES;
				COPY_PHASE_STRIP = NO;
				DEBUG_INFORMATION_FORMAT = "dwarf-with-dsym";
				ENABLE_NS_ASSERTIONS = NO;
				ENABLE_STRICT_OBJC_MSGSEND = YES;
				GCC_C_LANGUAGE_STANDARD = gnu11;
				GCC_NO_COMMON_BLOCKS = YES;
				GCC_WARN_64_TO_32_BIT_CONVERSION = YES;
				GCC_WARN_ABOUT_RETURN_TYPE = YES_ERROR;
				GCC_WARN_UNDECLARED_SELECTOR = YES;
				GCC_WARN_UNINITIALIZED_AUTOS = YES_AGGRESSIVE;
				GCC_WARN_UNUSED_FUNCTION = YES;
				GCC_WARN_UNUSED_VARIABLE = YES;
				IPHONEOS_DEPLOYMENT_TARGET = 15.5;
				MTL_ENABLE_DEBUG_INFO = NO;
				MTL_FAST_MATH = YES;
				SDKROOT = iphoneos;
				SWIFT_COMPILATION_MODE = wholemodule;
				SWIFT_OPTIMIZATION_LEVEL = "-O";
				VALIDATE_PRODUCT = YES;
			};
			name = Release;
		};
		49689E8F28747B9D0006BB2B /* Debug */ = {
			isa = XCBuildConfiguration;
			buildSettings = {
				ASSETCATALOG_COMPILER_APPICON_NAME = AppIcon;
				ASSETCATALOG_COMPILER_GLOBAL_ACCENT_COLOR_NAME = AccentColor;
				CODE_SIGN_STYLE = Automatic;
				CURRENT_PROJECT_VERSION = 1;
				DEVELOPMENT_ASSET_PATHS = "\"Africa/Preview Content\"";
				ENABLE_PREVIEWS = YES;
				GENERATE_INFOPLIST_FILE = YES;
				INFOPLIST_FILE = Africa/Info.plist;
				INFOPLIST_KEY_UIApplicationSceneManifest_Generation = YES;
				INFOPLIST_KEY_UIApplicationSupportsIndirectInputEvents = YES;
				INFOPLIST_KEY_UISupportedInterfaceOrientations_iPad = "UIInterfaceOrientationPortrait UIInterfaceOrientationPortraitUpsideDown UIInterfaceOrientationLandscapeLeft UIInterfaceOrientationLandscapeRight";
				INFOPLIST_KEY_UISupportedInterfaceOrientations_iPhone = "UIInterfaceOrientationPortrait UIInterfaceOrientationLandscapeLeft UIInterfaceOrientationLandscapeRight";
				INFOPLIST_KEY_UIUserInterfaceStyle = Dark;
				IPHONEOS_DEPLOYMENT_TARGET = 14.0;
				LD_RUNPATH_SEARCH_PATHS = (
					"$(inherited)",
					"@executable_path/Frameworks",
				);
				MARKETING_VERSION = 1.0;
				PRODUCT_BUNDLE_IDENTIFIER = com.KirillSytkov.swiftui.Africa;
				PRODUCT_NAME = "$(TARGET_NAME)";
				SWIFT_EMIT_LOC_STRINGS = YES;
				SWIFT_VERSION = 5.0;
				TARGETED_DEVICE_FAMILY = "1,2";
			};
			name = Debug;
		};
		49689E9028747B9D0006BB2B /* Release */ = {
			isa = XCBuildConfiguration;
			buildSettings = {
				ASSETCATALOG_COMPILER_APPICON_NAME = AppIcon;
				ASSETCATALOG_COMPILER_GLOBAL_ACCENT_COLOR_NAME = AccentColor;
				CODE_SIGN_STYLE = Automatic;
				CURRENT_PROJECT_VERSION = 1;
				DEVELOPMENT_ASSET_PATHS = "\"Africa/Preview Content\"";
				ENABLE_PREVIEWS = YES;
				GENERATE_INFOPLIST_FILE = YES;
				INFOPLIST_FILE = Africa/Info.plist;
				INFOPLIST_KEY_UIApplicationSceneManifest_Generation = YES;
				INFOPLIST_KEY_UIApplicationSupportsIndirectInputEvents = YES;
				INFOPLIST_KEY_UISupportedInterfaceOrientations_iPad = "UIInterfaceOrientationPortrait UIInterfaceOrientationPortraitUpsideDown UIInterfaceOrientationLandscapeLeft UIInterfaceOrientationLandscapeRight";
				INFOPLIST_KEY_UISupportedInterfaceOrientations_iPhone = "UIInterfaceOrientationPortrait UIInterfaceOrientationLandscapeLeft UIInterfaceOrientationLandscapeRight";
				INFOPLIST_KEY_UIUserInterfaceStyle = Dark;
				IPHONEOS_DEPLOYMENT_TARGET = 14.0;
				LD_RUNPATH_SEARCH_PATHS = (
					"$(inherited)",
					"@executable_path/Frameworks",
				);
				MARKETING_VERSION = 1.0;
				PRODUCT_BUNDLE_IDENTIFIER = com.KirillSytkov.swiftui.Africa;
				PRODUCT_NAME = "$(TARGET_NAME)";
				SWIFT_EMIT_LOC_STRINGS = YES;
				SWIFT_VERSION = 5.0;
				TARGETED_DEVICE_FAMILY = "1,2";
			};
			name = Release;
		};
/* End XCBuildConfiguration section */

/* Begin XCConfigurationList section */
		49689E7B28747B9C0006BB2B /* Build configuration list for PBXProject "Africa" */ = {
			isa = XCConfigurationList;
			buildConfigurations = (
				49689E8C28747B9D0006BB2B /* Debug */,
				49689E8D28747B9D0006BB2B /* Release */,
			);
			defaultConfigurationIsVisible = 0;
			defaultConfigurationName = Release;
		};
		49689E8E28747B9D0006BB2B /* Build configuration list for PBXNativeTarget "Africa" */ = {
			isa = XCConfigurationList;
			buildConfigurations = (
				49689E8F28747B9D0006BB2B /* Debug */,
				49689E9028747B9D0006BB2B /* Release */,
			);
			defaultConfigurationIsVisible = 0;
			defaultConfigurationName = Release;
		};
/* End XCConfigurationList section */
	};
	rootObject = 49689E7828747B9C0006BB2B /* Project object */;
}
