// !$*UTF8*$!
{
	archiveVersion = 1;
	classes = {
	};
	objectVersion = 55;
	objects = {

/* Begin PBXBuildFile section */
		496EF90528BA7F850027FC08 /* DevoteApp.swift in Sources */ = {isa = PBXBuildFile; fileRef = 496EF90428BA7F850027FC08 /* DevoteApp.swift */; };
		496EF90728BA7F850027FC08 /* ContentView.swift in Sources */ = {isa = PBXBuildFile; fileRef = 496EF90628BA7F850027FC08 /* ContentView.swift */; };
		496EF90928BA7F850027FC08 /* Assets.xcassets in Resources */ = {isa = PBXBuildFile; fileRef = 496EF90828BA7F850027FC08 /* Assets.xcassets */; };
		496EF90C28BA7F850027FC08 /* Preview Assets.xcassets in Resources */ = {isa = PBXBuildFile; fileRef = 496EF90B28BA7F850027FC08 /* Preview Assets.xcassets */; };
		496EF90E28BA7F850027FC08 /* Persistence.swift in Sources */ = {isa = PBXBuildFile; fileRef = 496EF90D28BA7F850027FC08 /* Persistence.swift */; };
		496EF91128BA7F850027FC08 /* Devote.xcdatamodeld in Sources */ = {isa = PBXBuildFile; fileRef = 496EF90F28BA7F850027FC08 /* Devote.xcdatamodeld */; };
		496EF91828BA80280027FC08 /* Sound in Resources */ = {isa = PBXBuildFile; fileRef = 496EF91728BA80280027FC08 /* Sound */; };
		496EF92428BA89BF0027FC08 /* Constant.swift in Sources */ = {isa = PBXBuildFile; fileRef = 496EF92328BA89BF0027FC08 /* Constant.swift */; };
		496EF92628BA91740027FC08 /* HideKeyboard + extension.swift in Sources */ = {isa = PBXBuildFile; fileRef = 496EF92528BA91740027FC08 /* HideKeyboard + extension.swift */; };
		499BE86828BB6FB400635A4A /* BackgroundImageView.swift in Sources */ = {isa = PBXBuildFile; fileRef = 499BE86728BB6FB400635A4A /* BackgroundImageView.swift */; };
		499BE86A28BB738B00635A4A /* NewTaskItemView.swift in Sources */ = {isa = PBXBuildFile; fileRef = 499BE86928BB738B00635A4A /* NewTaskItemView.swift */; };
		499BE86C28BBAA0C00635A4A /* BlankView.swift in Sources */ = {isa = PBXBuildFile; fileRef = 499BE86B28BBAA0C00635A4A /* BlankView.swift */; };
/* End PBXBuildFile section */

/* Begin PBXFileReference section */
		496EF90128BA7F850027FC08 /* Devote.app */ = {isa = PBXFileReference; explicitFileType = wrapper.application; includeInIndex = 0; path = Devote.app; sourceTree = BUILT_PRODUCTS_DIR; };
		496EF90428BA7F850027FC08 /* DevoteApp.swift */ = {isa = PBXFileReference; lastKnownFileType = sourcecode.swift; path = DevoteApp.swift; sourceTree = "<group>"; };
		496EF90628BA7F850027FC08 /* ContentView.swift */ = {isa = PBXFileReference; lastKnownFileType = sourcecode.swift; path = ContentView.swift; sourceTree = "<group>"; };
		496EF90828BA7F850027FC08 /* Assets.xcassets */ = {isa = PBXFileReference; lastKnownFileType = folder.assetcatalog; path = Assets.xcassets; sourceTree = "<group>"; };
		496EF90B28BA7F850027FC08 /* Preview Assets.xcassets */ = {isa = PBXFileReference; lastKnownFileType = folder.assetcatalog; path = "Preview Assets.xcassets"; sourceTree = "<group>"; };
		496EF90D28BA7F850027FC08 /* Persistence.swift */ = {isa = PBXFileReference; lastKnownFileType = sourcecode.swift; path = Persistence.swift; sourceTree = "<group>"; };
		496EF91028BA7F850027FC08 /* Devote.xcdatamodel */ = {isa = PBXFileReference; lastKnownFileType = wrapper.xcdatamodel; path = Devote.xcdatamodel; sourceTree = "<group>"; };
		496EF91728BA80280027FC08 /* Sound */ = {isa = PBXFileReference; lastKnownFileType = folder; path = Sound; sourceTree = "<group>"; };
		496EF91E28BA80C50027FC08 /* Info.plist */ = {isa = PBXFileReference; lastKnownFileType = text.plist; path = Info.plist; sourceTree = "<group>"; };
		496EF92328BA89BF0027FC08 /* Constant.swift */ = {isa = PBXFileReference; lastKnownFileType = sourcecode.swift; path = Constant.swift; sourceTree = "<group>"; };
		496EF92528BA91740027FC08 /* HideKeyboard + extension.swift */ = {isa = PBXFileReference; lastKnownFileType = sourcecode.swift; path = "HideKeyboard + extension.swift"; sourceTree = "<group>"; };
		499BE86728BB6FB400635A4A /* BackgroundImageView.swift */ = {isa = PBXFileReference; lastKnownFileType = sourcecode.swift; path = BackgroundImageView.swift; sourceTree = "<group>"; };
		499BE86928BB738B00635A4A /* NewTaskItemView.swift */ = {isa = PBXFileReference; lastKnownFileType = sourcecode.swift; path = NewTaskItemView.swift; sourceTree = "<group>"; };
		499BE86B28BBAA0C00635A4A /* BlankView.swift */ = {isa = PBXFileReference; lastKnownFileType = sourcecode.swift; path = BlankView.swift; sourceTree = "<group>"; };
/* End PBXFileReference section */

/* Begin PBXFrameworksBuildPhase section */
		496EF8FE28BA7F850027FC08 /* Frameworks */ = {
			isa = PBXFrameworksBuildPhase;
			buildActionMask = 2147483647;
			files = (
			);
			runOnlyForDeploymentPostprocessing = 0;
		};
/* End PBXFrameworksBuildPhase section */

/* Begin PBXGroup section */
		496EF8F828BA7F850027FC08 = {
			isa = PBXGroup;
			children = (
				496EF90328BA7F850027FC08 /* Devote */,
				496EF90228BA7F850027FC08 /* Products */,
			);
			sourceTree = "<group>";
		};
		496EF90228BA7F850027FC08 /* Products */ = {
			isa = PBXGroup;
			children = (
				496EF90128BA7F850027FC08 /* Devote.app */,
			);
			name = Products;
			sourceTree = "<group>";
		};
		496EF90328BA7F850027FC08 /* Devote */ = {
			isa = PBXGroup;
			children = (
				496EF91E28BA80C50027FC08 /* Info.plist */,
				496EF91928BA804E0027FC08 /* View */,
				496EF91D28BA80730027FC08 /* Model */,
				496EF91C28BA805F0027FC08 /* Style */,
				496EF91B28BA805A0027FC08 /* Utility */,
				496EF91A28BA80560027FC08 /* Extension */,
				496EF91728BA80280027FC08 /* Sound */,
				496EF90428BA7F850027FC08 /* DevoteApp.swift */,
				496EF90828BA7F850027FC08 /* Assets.xcassets */,
				496EF90A28BA7F850027FC08 /* Preview Content */,
			);
			path = Devote;
			sourceTree = "<group>";
		};
		496EF90A28BA7F850027FC08 /* Preview Content */ = {
			isa = PBXGroup;
			children = (
				496EF90B28BA7F850027FC08 /* Preview Assets.xcassets */,
			);
			path = "Preview Content";
			sourceTree = "<group>";
		};
		496EF91928BA804E0027FC08 /* View */ = {
			isa = PBXGroup;
			children = (
				496EF90628BA7F850027FC08 /* ContentView.swift */,
				499BE86B28BBAA0C00635A4A /* BlankView.swift */,
				499BE86728BB6FB400635A4A /* BackgroundImageView.swift */,
				499BE86928BB738B00635A4A /* NewTaskItemView.swift */,
			);
			path = View;
			sourceTree = "<group>";
		};
		496EF91A28BA80560027FC08 /* Extension */ = {
			isa = PBXGroup;
			children = (
				496EF92528BA91740027FC08 /* HideKeyboard + extension.swift */,
			);
			path = Extension;
			sourceTree = "<group>";
		};
		496EF91B28BA805A0027FC08 /* Utility */ = {
			isa = PBXGroup;
			children = (
				496EF92328BA89BF0027FC08 /* Constant.swift */,
			);
			path = Utility;
			sourceTree = "<group>";
		};
		496EF91C28BA805F0027FC08 /* Style */ = {
			isa = PBXGroup;
			children = (
			);
			path = Style;
			sourceTree = "<group>";
		};
		496EF91D28BA80730027FC08 /* Model */ = {
			isa = PBXGroup;
			children = (
				496EF90F28BA7F850027FC08 /* Devote.xcdatamodeld */,
				496EF90D28BA7F850027FC08 /* Persistence.swift */,
			);
			path = Model;
			sourceTree = "<group>";
		};
/* End PBXGroup section */

/* Begin PBXNativeTarget section */
		496EF90028BA7F850027FC08 /* Devote */ = {
			isa = PBXNativeTarget;
			buildConfigurationList = 496EF91428BA7F850027FC08 /* Build configuration list for PBXNativeTarget "Devote" */;
			buildPhases = (
				496EF8FD28BA7F850027FC08 /* Sources */,
				496EF8FE28BA7F850027FC08 /* Frameworks */,
				496EF8FF28BA7F850027FC08 /* Resources */,
			);
			buildRules = (
			);
			dependencies = (
			);
			name = Devote;
			productName = Devote;
			productReference = 496EF90128BA7F850027FC08 /* Devote.app */;
			productType = "com.apple.product-type.application";
		};
/* End PBXNativeTarget section */

/* Begin PBXProject section */
		496EF8F928BA7F850027FC08 /* Project object */ = {
			isa = PBXProject;
			attributes = {
				BuildIndependentTargetsInParallel = 1;
				LastSwiftUpdateCheck = 1340;
				LastUpgradeCheck = 1340;
				TargetAttributes = {
					496EF90028BA7F850027FC08 = {
						CreatedOnToolsVersion = 13.4.1;
					};
				};
			};
			buildConfigurationList = 496EF8FC28BA7F850027FC08 /* Build configuration list for PBXProject "Devote" */;
			compatibilityVersion = "Xcode 13.0";
			developmentRegion = en;
			hasScannedForEncodings = 0;
			knownRegions = (
				en,
				Base,
			);
			mainGroup = 496EF8F828BA7F850027FC08;
			productRefGroup = 496EF90228BA7F850027FC08 /* Products */;
			projectDirPath = "";
			projectRoot = "";
			targets = (
				496EF90028BA7F850027FC08 /* Devote */,
			);
		};
/* End PBXProject section */

/* Begin PBXResourcesBuildPhase section */
		496EF8FF28BA7F850027FC08 /* Resources */ = {
			isa = PBXResourcesBuildPhase;
			buildActionMask = 2147483647;
			files = (
				496EF91828BA80280027FC08 /* Sound in Resources */,
				496EF90C28BA7F850027FC08 /* Preview Assets.xcassets in Resources */,
				496EF90928BA7F850027FC08 /* Assets.xcassets in Resources */,
			);
			runOnlyForDeploymentPostprocessing = 0;
		};
/* End PBXResourcesBuildPhase section */

/* Begin PBXSourcesBuildPhase section */
		496EF8FD28BA7F850027FC08 /* Sources */ = {
			isa = PBXSourcesBuildPhase;
			buildActionMask = 2147483647;
			files = (
				496EF90E28BA7F850027FC08 /* Persistence.swift in Sources */,
				499BE86828BB6FB400635A4A /* BackgroundImageView.swift in Sources */,
				496EF90728BA7F850027FC08 /* ContentView.swift in Sources */,
				496EF92428BA89BF0027FC08 /* Constant.swift in Sources */,
				499BE86C28BBAA0C00635A4A /* BlankView.swift in Sources */,
				496EF91128BA7F850027FC08 /* Devote.xcdatamodeld in Sources */,
				496EF92628BA91740027FC08 /* HideKeyboard + extension.swift in Sources */,
				496EF90528BA7F850027FC08 /* DevoteApp.swift in Sources */,
				499BE86A28BB738B00635A4A /* NewTaskItemView.swift in Sources */,
			);
			runOnlyForDeploymentPostprocessing = 0;
		};
/* End PBXSourcesBuildPhase section */

/* Begin XCBuildConfiguration section */
		496EF91228BA7F850027FC08 /* Debug */ = {
			isa = XCBuildConfiguration;
			buildSettings = {
				ALWAYS_SEARCH_USER_PATHS = NO;
				CLANG_ANALYZER_NONNULL = YES;
				CLANG_ANALYZER_NUMBER_OBJECT_CONVERSION = YES_AGGRESSIVE;
				CLANG_CXX_LANGUAGE_STANDARD = "gnu++17";
				CLANG_ENABLE_MODULES = YES;
				CLANG_ENABLE_OBJC_ARC = YES;
				CLANG_ENABLE_OBJC_WEAK = YES;
				CLANG_WARN_BLOCK_CAPTURE_AUTORELEASING = YES;
				CLANG_WARN_BOOL_CONVERSION = YES;
				CLANG_WARN_COMMA = YES;
				CLANG_WARN_CONSTANT_CONVERSION = YES;
				CLANG_WARN_DEPRECATED_OBJC_IMPLEMENTATIONS = YES;
				CLANG_WARN_DIRECT_OBJC_ISA_USAGE = YES_ERROR;
				CLANG_WARN_DOCUMENTATION_COMMENTS = YES;
				CLANG_WARN_EMPTY_BODY = YES;
				CLANG_WARN_ENUM_CONVERSION = YES;
				CLANG_WARN_INFINITE_RECURSION = YES;
				CLANG_WARN_INT_CONVERSION = YES;
				CLANG_WARN_NON_LITERAL_NULL_CONVERSION = YES;
				CLANG_WARN_OBJC_IMPLICIT_RETAIN_SELF = YES;
				CLANG_WARN_OBJC_LITERAL_CONVERSION = YES;
				CLANG_WARN_OBJC_ROOT_CLASS = YES_ERROR;
				CLANG_WARN_QUOTED_INCLUDE_IN_FRAMEWORK_HEADER = YES;
				CLANG_WARN_RANGE_LOOP_ANALYSIS = YES;
				CLANG_WARN_STRICT_PROTOTYPES = YES;
				CLANG_WARN_SUSPICIOUS_MOVE = YES;
				CLANG_WARN_UNGUARDED_AVAILABILITY = YES_AGGRESSIVE;
				CLANG_WARN_UNREACHABLE_CODE = YES;
				CLANG_WARN__DUPLICATE_METHOD_MATCH = YES;
				COPY_PHASE_STRIP = NO;
				DEBUG_INFORMATION_FORMAT = dwarf;
				ENABLE_STRICT_OBJC_MSGSEND = YES;
				ENABLE_TESTABILITY = YES;
				GCC_C_LANGUAGE_STANDARD = gnu11;
				GCC_DYNAMIC_NO_PIC = NO;
				GCC_NO_COMMON_BLOCKS = YES;
				GCC_OPTIMIZATION_LEVEL = 0;
				GCC_PREPROCESSOR_DEFINITIONS = (
					"DEBUG=1",
					"$(inherited)",
				);
				GCC_WARN_64_TO_32_BIT_CONVERSION = YES;
				GCC_WARN_ABOUT_RETURN_TYPE = YES_ERROR;
				GCC_WARN_UNDECLARED_SELECTOR = YES;
				GCC_WARN_UNINITIALIZED_AUTOS = YES_AGGRESSIVE;
				GCC_WARN_UNUSED_FUNCTION = YES;
				GCC_WARN_UNUSED_VARIABLE = YES;
				IPHONEOS_DEPLOYMENT_TARGET = 15.5;
				MTL_ENABLE_DEBUG_INFO = INCLUDE_SOURCE;
				MTL_FAST_MATH = YES;
				ONLY_ACTIVE_ARCH = YES;
				SDKROOT = iphoneos;
				SWIFT_ACTIVE_COMPILATION_CONDITIONS = DEBUG;
				SWIFT_OPTIMIZATION_LEVEL = "-Onone";
			};
			name = Debug;
		};
		496EF91328BA7F850027FC08 /* Release */ = {
			isa = XCBuildConfiguration;
			buildSettings = {
				ALWAYS_SEARCH_USER_PATHS = NO;
				CLANG_ANALYZER_NONNULL = YES;
				CLANG_ANALYZER_NUMBER_OBJECT_CONVERSION = YES_AGGRESSIVE;
				CLANG_CXX_LANGUAGE_STANDARD = "gnu++17";
				CLANG_ENABLE_MODULES = YES;
				CLANG_ENABLE_OBJC_ARC = YES;
				CLANG_ENABLE_OBJC_WEAK = YES;
				CLANG_WARN_BLOCK_CAPTURE_AUTORELEASING = YES;
				CLANG_WARN_BOOL_CONVERSION = YES;
				CLANG_WARN_COMMA = YES;
				CLANG_WARN_CONSTANT_CONVERSION = YES;
				CLANG_WARN_DEPRECATED_OBJC_IMPLEMENTATIONS = YES;
				CLANG_WARN_DIRECT_OBJC_ISA_USAGE = YES_ERROR;
				CLANG_WARN_DOCUMENTATION_COMMENTS = YES;
				CLANG_WARN_EMPTY_BODY = YES;
				CLANG_WARN_ENUM_CONVERSION = YES;
				CLANG_WARN_INFINITE_RECURSION = YES;
				CLANG_WARN_INT_CONVERSION = YES;
				CLANG_WARN_NON_LITERAL_NULL_CONVERSION = YES;
				CLANG_WARN_OBJC_IMPLICIT_RETAIN_SELF = YES;
				CLANG_WARN_OBJC_LITERAL_CONVERSION = YES;
				CLANG_WARN_OBJC_ROOT_CLASS = YES_ERROR;
				CLANG_WARN_QUOTED_INCLUDE_IN_FRAMEWORK_HEADER = YES;
				CLANG_WARN_RANGE_LOOP_ANALYSIS = YES;
				CLANG_WARN_STRICT_PROTOTYPES = YES;
				CLANG_WARN_SUSPICIOUS_MOVE = YES;
				CLANG_WARN_UNGUARDED_AVAILABILITY = YES_AGGRESSIVE;
				CLANG_WARN_UNREACHABLE_CODE = YES;
				CLANG_WARN__DUPLICATE_METHOD_MATCH = YES;
				COPY_PHASE_STRIP = NO;
				DEBUG_INFORMATION_FORMAT = "dwarf-with-dsym";
				ENABLE_NS_ASSERTIONS = NO;
				ENABLE_STRICT_OBJC_MSGSEND = YES;
				GCC_C_LANGUAGE_STANDARD = gnu11;
				GCC_NO_COMMON_BLOCKS = YES;
				GCC_WARN_64_TO_32_BIT_CONVERSION = YES;
				GCC_WARN_ABOUT_RETURN_TYPE = YES_ERROR;
				GCC_WARN_UNDECLARED_SELECTOR = YES;
				GCC_WARN_UNINITIALIZED_AUTOS = YES_AGGRESSIVE;
				GCC_WARN_UNUSED_FUNCTION = YES;
				GCC_WARN_UNUSED_VARIABLE = YES;
				IPHONEOS_DEPLOYMENT_TARGET = 15.5;
				MTL_ENABLE_DEBUG_INFO = NO;
				MTL_FAST_MATH = YES;
				SDKROOT = iphoneos;
				SWIFT_COMPILATION_MODE = wholemodule;
				SWIFT_OPTIMIZATION_LEVEL = "-O";
				VALIDATE_PRODUCT = YES;
			};
			name = Release;
		};
		496EF91528BA7F850027FC08 /* Debug */ = {
			isa = XCBuildConfiguration;
			buildSettings = {
				ASSETCATALOG_COMPILER_APPICON_NAME = AppIcon;
				ASSETCATALOG_COMPILER_GLOBAL_ACCENT_COLOR_NAME = AccentColor;
				CODE_SIGN_STYLE = Automatic;
				CURRENT_PROJECT_VERSION = 1;
				DEVELOPMENT_ASSET_PATHS = "\"Devote/Preview Content\"";
				ENABLE_PREVIEWS = YES;
				GENERATE_INFOPLIST_FILE = YES;
				INFOPLIST_FILE = Devote/Info.plist;
				INFOPLIST_KEY_UIApplicationSceneManifest_Generation = YES;
				INFOPLIST_KEY_UIApplicationSupportsIndirectInputEvents = YES;
				INFOPLIST_KEY_UISupportedInterfaceOrientations = UIInterfaceOrientationPortrait;
				INFOPLIST_KEY_UISupportedInterfaceOrientations_iPad = "UIInterfaceOrientationPortrait UIInterfaceOrientationPortraitUpsideDown UIInterfaceOrientationLandscapeLeft UIInterfaceOrientationLandscapeRight";
				INFOPLIST_KEY_UISupportedInterfaceOrientations_iPhone = "UIInterfaceOrientationPortrait UIInterfaceOrientationLandscapeLeft UIInterfaceOrientationLandscapeRight";
				IPHONEOS_DEPLOYMENT_TARGET = 14.0;
				LD_RUNPATH_SEARCH_PATHS = (
					"$(inherited)",
					"@executable_path/Frameworks",
				);
				MARKETING_VERSION = 1.0;
				PRODUCT_BUNDLE_IDENTIFIER = com.KirillSytkov.swiftui.Devote;
				PRODUCT_NAME = "$(TARGET_NAME)";
				SWIFT_EMIT_LOC_STRINGS = YES;
				SWIFT_VERSION = 5.0;
				TARGETED_DEVICE_FAMILY = "1,2";
			};
			name = Debug;
		};
		496EF91628BA7F850027FC08 /* Release */ = {
			isa = XCBuildConfiguration;
			buildSettings = {
				ASSETCATALOG_COMPILER_APPICON_NAME = AppIcon;
				ASSETCATALOG_COMPILER_GLOBAL_ACCENT_COLOR_NAME = AccentColor;
				CODE_SIGN_STYLE = Automatic;
				CURRENT_PROJECT_VERSION = 1;
				DEVELOPMENT_ASSET_PATHS = "\"Devote/Preview Content\"";
				ENABLE_PREVIEWS = YES;
				GENERATE_INFOPLIST_FILE = YES;
				INFOPLIST_FILE = Devote/Info.plist;
				INFOPLIST_KEY_UIApplicationSceneManifest_Generation = YES;
				INFOPLIST_KEY_UIApplicationSupportsIndirectInputEvents = YES;
				INFOPLIST_KEY_UISupportedInterfaceOrientations = UIInterfaceOrientationPortrait;
				INFOPLIST_KEY_UISupportedInterfaceOrientations_iPad = "UIInterfaceOrientationPortrait UIInterfaceOrientationPortraitUpsideDown UIInterfaceOrientationLandscapeLeft UIInterfaceOrientationLandscapeRight";
				INFOPLIST_KEY_UISupportedInterfaceOrientations_iPhone = "UIInterfaceOrientationPortrait UIInterfaceOrientationLandscapeLeft UIInterfaceOrientationLandscapeRight";
				IPHONEOS_DEPLOYMENT_TARGET = 14.0;
				LD_RUNPATH_SEARCH_PATHS = (
					"$(inherited)",
					"@executable_path/Frameworks",
				);
				MARKETING_VERSION = 1.0;
				PRODUCT_BUNDLE_IDENTIFIER = com.KirillSytkov.swiftui.Devote;
				PRODUCT_NAME = "$(TARGET_NAME)";
				SWIFT_EMIT_LOC_STRINGS = YES;
				SWIFT_VERSION = 5.0;
				TARGETED_DEVICE_FAMILY = "1,2";
			};
			name = Release;
		};
/* End XCBuildConfiguration section */

/* Begin XCConfigurationList section */
		496EF8FC28BA7F850027FC08 /* Build configuration list for PBXProject "Devote" */ = {
			isa = XCConfigurationList;
			buildConfigurations = (
				496EF91228BA7F850027FC08 /* Debug */,
				496EF91328BA7F850027FC08 /* Release */,
			);
			defaultConfigurationIsVisible = 0;
			defaultConfigurationName = Release;
		};
		496EF91428BA7F850027FC08 /* Build configuration list for PBXNativeTarget "Devote" */ = {
			isa = XCConfigurationList;
			buildConfigurations = (
				496EF91528BA7F850027FC08 /* Debug */,
				496EF91628BA7F850027FC08 /* Release */,
			);
			defaultConfigurationIsVisible = 0;
			defaultConfigurationName = Release;
		};
/* End XCConfigurationList section */

/* Begin XCVersionGroup section */
		496EF90F28BA7F850027FC08 /* Devote.xcdatamodeld */ = {
			isa = XCVersionGroup;
			children = (
				496EF91028BA7F850027FC08 /* Devote.xcdatamodel */,
			);
			currentVersion = 496EF91028BA7F850027FC08 /* Devote.xcdatamodel */;
			path = Devote.xcdatamodeld;
			sourceTree = "<group>";
			versionGroupType = wrapper.xcdatamodel;
		};
/* End XCVersionGroup section */
	};
	rootObject = 496EF8F928BA7F850027FC08 /* Project object */;
}
